
Microsoft Visual Studio Solution File, Format Version 12.00
# Visual Studio Version 17
VisualStudioVersion = 17.8.34330.188
MinimumVisualStudioVersion = 10.0.40219.1
Project("{9A19103F-16F7-4668-BE54-9A1E7A4F7556}") = "Stage0", "Stage0\Stage0.csproj", "{0744F58D-0B1F-4C05-9AC2-F9B2B19C58F0}"
EndProject
Project("{2150E333-8FDC-42A3-9474-1A3956D46DE8}") = "Solution Items", "Solution Items", "{86B2EB2F-3532-472C-9688-93392876FBE7}"
	ProjectSection(SolutionItems) = preProject
		README.md = README.md
	EndProjectSection
EndProject
Project("{FAE04EC0-301F-11D3-BF4B-00C04F79EFBC}") = "DalFacade", "DalFacade\DalFacade.csproj", "{E6AA0DD9-ECA6-49DB-8E83-FB0D3D981D0E}"
EndProject
Project("{FAE04EC0-301F-11D3-BF4B-00C04F79EFBC}") = "DalList", "DalList\DalList.csproj", "{04478678-6E49-44D7-85D0-7BC92AB3A951}"
EndProject
Project("{FAE04EC0-301F-11D3-BF4B-00C04F79EFBC}") = "DalTest", "DalTest\DalTest.csproj", "{E4886F0E-FCAB-4CF3-9817-46B28FEFE180}"
EndProject
Global
	GlobalSection(SolutionConfigurationPlatforms) = preSolution
		Debug|Any CPU = Debug|Any CPU
		Release|Any CPU = Release|Any CPU
	EndGlobalSection
	GlobalSection(ProjectConfigurationPlatforms) = postSolution
		{0744F58D-0B1F-4C05-9AC2-F9B2B19C58F0}.Debug|Any CPU.ActiveCfg = Debug|Any CPU
		{0744F58D-0B1F-4C05-9AC2-F9B2B19C58F0}.Debug|Any CPU.Build.0 = Debug|Any CPU
		{0744F58D-0B1F-4C05-9AC2-F9B2B19C58F0}.Release|Any CPU.ActiveCfg = Release|Any CPU
		{0744F58D-0B1F-4C05-9AC2-F9B2B19C58F0}.Release|Any CPU.Build.0 = Release|Any CPU
		{E6AA0DD9-ECA6-49DB-8E83-FB0D3D981D0E}.Debug|Any CPU.ActiveCfg = Debug|Any CPU
		{E6AA0DD9-ECA6-49DB-8E83-FB0D3D981D0E}.Debug|Any CPU.Build.0 = Debug|Any CPU
		{E6AA0DD9-ECA6-49DB-8E83-FB0D3D981D0E}.Release|Any CPU.ActiveCfg = Release|Any CPU
		{E6AA0DD9-ECA6-49DB-8E83-FB0D3D981D0E}.Release|Any CPU.Build.0 = Release|Any CPU
		{04478678-6E49-44D7-85D0-7BC92AB3A951}.Debug|Any CPU.ActiveCfg = Debug|Any CPU
		{04478678-6E49-44D7-85D0-7BC92AB3A951}.Debug|Any CPU.Build.0 = Debug|Any CPU
		{04478678-6E49-44D7-85D0-7BC92AB3A951}.Release|Any CPU.ActiveCfg = Release|Any CPU
		{04478678-6E49-44D7-85D0-7BC92AB3A951}.Release|Any CPU.Build.0 = Release|Any CPU
		{E4886F0E-FCAB-4CF3-9817-46B28FEFE180}.Debug|Any CPU.ActiveCfg = Debug|Any CPU
		{E4886F0E-FCAB-4CF3-9817-46B28FEFE180}.Debug|Any CPU.Build.0 = Debug|Any CPU
		{E4886F0E-FCAB-4CF3-9817-46B28FEFE180}.Release|Any CPU.ActiveCfg = Release|Any CPU
		{E4886F0E-FCAB-4CF3-9817-46B28FEFE180}.Release|Any CPU.Build.0 = Release|Any CPU
	EndGlobalSection
	GlobalSection(SolutionProperties) = preSolution
		HideSolutionNode = FALSE
	EndGlobalSection
	GlobalSection(ExtensibilityGlobals) = postSolution
		SolutionGuid = {602DCE49-84F8-479B-A86C-657887C7E916}
	EndGlobalSection
EndGlobal
