
Microsoft Visual Studio Solution File, Format Version 12.00
# Visual Studio Version 17
VisualStudioVersion = 17.8.34330.188
MinimumVisualStudioVersion = 10.0.40219.1
Project("{9A19103F-16F7-4668-BE54-9A1E7A4F7556}") = "Stage0", "Stage0\Stage0.csproj", "{0744F58D-0B1F-4C05-9AC2-F9B2B19C58F0}"
EndProject
Project("{2150E333-8FDC-42A3-9474-1A3956D46DE8}") = "Solution Items", "Solution Items", "{86B2EB2F-3532-472C-9688-93392876FBE7}"
	ProjectSection(SolutionItems) = preProject
		README.md = README.md
	EndProjectSection
EndProject
Global
	GlobalSection(SolutionConfigurationPlatforms) = preSolution
		Debug|Any CPU = Debug|Any CPU
		Release|Any CPU = Release|Any CPU
	EndGlobalSection
	GlobalSection(ProjectConfigurationPlatforms) = postSolution
		{0744F58D-0B1F-4C05-9AC2-F9B2B19C58F0}.Debug|Any CPU.ActiveCfg = Debug|Any CPU
		{0744F58D-0B1F-4C05-9AC2-F9B2B19C58F0}.Debug|Any CPU.Build.0 = Debug|Any CPU
		{0744F58D-0B1F-4C05-9AC2-F9B2B19C58F0}.Release|Any CPU.ActiveCfg = Release|Any CPU
		{0744F58D-0B1F-4C05-9AC2-F9B2B19C58F0}.Release|Any CPU.Build.0 = Release|Any CPU
	EndGlobalSection
	GlobalSection(SolutionProperties) = preSolution
		HideSolutionNode = FALSE
	EndGlobalSection
	GlobalSection(ExtensibilityGlobals) = postSolution
		SolutionGuid = {602DCE49-84F8-479B-A86C-657887C7E916}
	EndGlobalSection
EndGlobal
